
Microsoft Visual Studio Solution File, Format Version 12.00
# Visual Studio Version 16
VisualStudioVersion = 16.0.30804.86
MinimumVisualStudioVersion = 10.0.40219.1
Project("{FAE04EC0-301F-11D3-BF4B-00C04F79EFBC}") = "Bookstore.Service", "Bookstore.Service\Bookstore.Service.csproj", "{6871D454-1F47-4722-A8EC-FBF911A09EBB}"
EndProject
Project("{FAE04EC0-301F-11D3-BF4B-00C04F79EFBC}") = "Bookstore.Playground", "test\Bookstore.Playground\Bookstore.Playground.csproj", "{91022553-F1D6-4101-A40D-F88321B5E5C5}"
EndProject
Project("{FAE04EC0-301F-11D3-BF4B-00C04F79EFBC}") = "Bookstore.Concepts", "Bookstore.Concepts\Bookstore.Concepts.csproj", "{A7960508-3965-41BE-9DB4-6B86267E73FE}"
EndProject
Global
	GlobalSection(SolutionConfigurationPlatforms) = preSolution
		Debug|Any CPU = Debug|Any CPU
		Release|Any CPU = Release|Any CPU
	EndGlobalSection
	GlobalSection(ProjectConfigurationPlatforms) = postSolution
		{6871D454-1F47-4722-A8EC-FBF911A09EBB}.Debug|Any CPU.ActiveCfg = Debug|Any CPU
		{6871D454-1F47-4722-A8EC-FBF911A09EBB}.Debug|Any CPU.Build.0 = Debug|Any CPU
		{6871D454-1F47-4722-A8EC-FBF911A09EBB}.Release|Any CPU.ActiveCfg = Release|Any CPU
		{6871D454-1F47-4722-A8EC-FBF911A09EBB}.Release|Any CPU.Build.0 = Release|Any CPU
		{91022553-F1D6-4101-A40D-F88321B5E5C5}.Debug|Any CPU.ActiveCfg = Debug|Any CPU
		{91022553-F1D6-4101-A40D-F88321B5E5C5}.Debug|Any CPU.Build.0 = Debug|Any CPU
		{91022553-F1D6-4101-A40D-F88321B5E5C5}.Release|Any CPU.ActiveCfg = Release|Any CPU
		{91022553-F1D6-4101-A40D-F88321B5E5C5}.Release|Any CPU.Build.0 = Release|Any CPU
		{A7960508-3965-41BE-9DB4-6B86267E73FE}.Debug|Any CPU.ActiveCfg = Debug|Any CPU
		{A7960508-3965-41BE-9DB4-6B86267E73FE}.Debug|Any CPU.Build.0 = Debug|Any CPU
		{A7960508-3965-41BE-9DB4-6B86267E73FE}.Release|Any CPU.ActiveCfg = Release|Any CPU
		{A7960508-3965-41BE-9DB4-6B86267E73FE}.Release|Any CPU.Build.0 = Release|Any CPU
	EndGlobalSection
	GlobalSection(SolutionProperties) = preSolution
		HideSolutionNode = FALSE
	EndGlobalSection
	GlobalSection(ExtensibilityGlobals) = postSolution
		SolutionGuid = {0D92A525-96E7-4A0D-AA2B-7B98F86FF37C}
	EndGlobalSection
EndGlobal
